
Microsoft Visual Studio Solution File, Format Version 12.00
# Visual Studio Version 17
VisualStudioVersion = 17.6.33723.286
MinimumVisualStudioVersion = 10.0.40219.1
Project("{8BC9CEB8-8B4A-11D0-8D11-00A0C91BC942}") = "IdeaApplication", "IdeaApplication\IdeaApplication.vcxproj", "{3CD7CA80-10E2-4508-8968-2922E960D001}"
EndProject
Project("{8BC9CEB8-8B4A-11D0-8D11-00A0C91BC942}") = "IdeaGraph", "IdeaGraph\IdeaGraph.vcxproj", "{1660AF3E-CC36-4428-8DB2-B11538BF69DD}"
EndProject
Global
	GlobalSection(SolutionConfigurationPlatforms) = preSolution
		Debug|x64 = Debug|x64
		Release|x64 = Release|x64
	EndGlobalSection
	GlobalSection(ProjectConfigurationPlatforms) = postSolution
		{3CD7CA80-10E2-4508-8968-2922E960D001}.Debug|x64.ActiveCfg = Debug|x64
		{3CD7CA80-10E2-4508-8968-2922E960D001}.Debug|x64.Build.0 = Debug|x64
		{3CD7CA80-10E2-4508-8968-2922E960D001}.Release|x64.ActiveCfg = Release|x64
		{3CD7CA80-10E2-4508-8968-2922E960D001}.Release|x64.Build.0 = Release|x64
		{1660AF3E-CC36-4428-8DB2-B11538BF69DD}.Debug|x64.ActiveCfg = Debug|x64
		{1660AF3E-CC36-4428-8DB2-B11538BF69DD}.Debug|x64.Build.0 = Debug|x64
		{1660AF3E-CC36-4428-8DB2-B11538BF69DD}.Release|x64.ActiveCfg = Release|x64
		{1660AF3E-CC36-4428-8DB2-B11538BF69DD}.Release|x64.Build.0 = Release|x64
	EndGlobalSection
	GlobalSection(SolutionProperties) = preSolution
		HideSolutionNode = FALSE
	EndGlobalSection
	GlobalSection(ExtensibilityGlobals) = postSolution
		SolutionGuid = {73CA96D0-5B4D-4729-8943-C4F323A8DC92}
	EndGlobalSection
EndGlobal
